{
  "nodes": {
    "easypick-nvim": {
      "flake": false,
      "locked": {
        "lastModified": 1713343035,
        "narHash": "sha256-CmWE63p5frSaPC4C+Tu2ztSDdpQbyGPv+PBHt9m4cnk=",
        "owner": "axkirillov",
        "repo": "easypick.nvim",
        "rev": "3ce209d05d402ba40e29e6b69b759eb8421b145a",
        "type": "github"
      },
      "original": {
        "owner": "axkirillov",
        "repo": "easypick.nvim",
        "type": "github"
      }
    },
    "flake-compat": {
      "flake": false,
      "locked": {
        "lastModified": 1696426674,
        "narHash": "sha256-kvjfFW7WAETZlt09AgDn1MrtKzP7t90Vf7vypd3OL1U=",
        "owner": "edolstra",
        "repo": "flake-compat",
        "rev": "0f9255e01c2351cc7d116c072cb317785dd33b33",
        "type": "github"
      },
      "original": {
        "owner": "edolstra",
        "repo": "flake-compat",
        "type": "github"
      }
    },
    "flake-compat_2": {
      "flake": false,
      "locked": {
        "lastModified": 1696426674,
        "narHash": "sha256-kvjfFW7WAETZlt09AgDn1MrtKzP7t90Vf7vypd3OL1U=",
        "owner": "edolstra",
        "repo": "flake-compat",
        "rev": "0f9255e01c2351cc7d116c072cb317785dd33b33",
        "type": "github"
      },
      "original": {
        "owner": "edolstra",
        "repo": "flake-compat",
        "type": "github"
      }
    },
    "flake-parts": {
      "inputs": {
        "nixpkgs-lib": [
          "tolerable",
          "nightly",
          "nixpkgs"
        ]
      },
      "locked": {
        "lastModified": 1719994518,
        "narHash": "sha256-pQMhCCHyQGRzdfAkdJ4cIWiw+JNuWsTX7f0ZYSyz0VY=",
        "owner": "hercules-ci",
        "repo": "flake-parts",
        "rev": "9227223f6d922fee3c7b190b2cc238a99527bbb7",
        "type": "github"
      },
      "original": {
        "owner": "hercules-ci",
        "repo": "flake-parts",
        "type": "github"
      }
    },
    "flake-parts_2": {
      "inputs": {
        "nixpkgs-lib": [
          "tolerable",
          "nightly",
          "hercules-ci-effects",
          "nixpkgs"
        ]
      },
      "locked": {
        "lastModified": 1712014858,
        "narHash": "sha256-sB4SWl2lX95bExY2gMFG5HIzvva5AVMJd4Igm+GpZNw=",
        "owner": "hercules-ci",
        "repo": "flake-parts",
        "rev": "9126214d0a59633752a136528f5f3b9aa8565b7d",
        "type": "github"
      },
      "original": {
        "id": "flake-parts",
        "type": "indirect"
      }
    },
    "flow-nvim": {
      "flake": false,
      "locked": {
        "lastModified": 1721741746,
        "narHash": "sha256-9/bAKR2n/AQOvp0wwgmL75pzE6V4yKupSAP6/rLnH/E=",
        "owner": "0xstepit",
        "repo": "flow.nvim",
        "rev": "3af4d4d1b8a99c34e060de6fdaa5babc596a50c1",
        "type": "github"
      },
      "original": {
        "owner": "0xstepit",
        "repo": "flow.nvim",
        "type": "github"
      }
    },
    "fortune": {
      "flake": false,
      "locked": {
        "lastModified": 1718972325,
        "narHash": "sha256-sa5U3iIPqyAF9oiSx7PabrkKk4yO52FBS/ORGyQGd6s=",
        "owner": "rubiin",
        "repo": "fortune.nvim",
        "rev": "470bcb2292f4fba68724cddc39b07c96e5e3e732",
        "type": "github"
      },
      "original": {
        "owner": "rubiin",
        "repo": "fortune.nvim",
        "type": "github"
      }
    },
    "git-hooks": {
      "inputs": {
        "flake-compat": "flake-compat_2",
        "gitignore": "gitignore",
        "nixpkgs": [
          "tolerable",
          "nightly",
          "nixpkgs"
        ],
        "nixpkgs-stable": [
          "tolerable",
          "nightly",
          "nixpkgs"
        ]
      },
      "locked": {
        "lastModified": 1721042469,
        "narHash": "sha256-6FPUl7HVtvRHCCBQne7Ylp4p+dpP3P/OYuzjztZ4s70=",
        "owner": "cachix",
        "repo": "git-hooks.nix",
        "rev": "f451c19376071a90d8c58ab1a953c6e9840527fd",
        "type": "github"
      },
      "original": {
        "owner": "cachix",
        "repo": "git-hooks.nix",
        "type": "github"
      }
    },
    "gitignore": {
      "inputs": {
        "nixpkgs": [
          "tolerable",
          "nightly",
          "git-hooks",
          "nixpkgs"
        ]
      },
      "locked": {
        "lastModified": 1709087332,
        "narHash": "sha256-HG2cCnktfHsKV0s4XW83gU3F57gaTljL9KNSuG6bnQs=",
        "owner": "hercules-ci",
        "repo": "gitignore.nix",
        "rev": "637db329424fd7e46cf4185293b9cc8c88c95394",
        "type": "github"
      },
      "original": {
        "owner": "hercules-ci",
        "repo": "gitignore.nix",
        "type": "github"
      }
    },
    "hercules-ci-effects": {
      "inputs": {
        "flake-parts": "flake-parts_2",
        "nixpkgs": [
          "tolerable",
          "nightly",
          "nixpkgs"
        ]
      },
      "locked": {
        "lastModified": 1719226092,
        "narHash": "sha256-YNkUMcCUCpnULp40g+svYsaH1RbSEj6s4WdZY/SHe38=",
        "owner": "hercules-ci",
        "repo": "hercules-ci-effects",
        "rev": "11e4b8dc112e2f485d7c97e1cee77f9958f498f5",
        "type": "github"
      },
      "original": {
        "owner": "hercules-ci",
        "repo": "hercules-ci-effects",
        "type": "github"
      }
    },
    "img-clip": {
      "flake": false,
      "locked": {
        "lastModified": 1717612998,
        "narHash": "sha256-z8gqQWbM0jFXSsv7I5eB2Yo1Lq2UsIcSm3AhxZbZi2A=",
        "owner": "HakonHarnes",
        "repo": "img-clip.nvim",
        "rev": "1924e20ab19afec9779109d083b6e5f8bee8fb17",
        "type": "github"
      },
      "original": {
        "owner": "HakonHarnes",
        "repo": "img-clip.nvim",
        "type": "github"
      }
    },
    "markdown-toc": {
      "flake": false,
      "locked": {
        "lastModified": 1718440771,
        "narHash": "sha256-g2Su4CRVs6VEaWoTGkCrgSFqMYGKzVTPzODhOUsywWM=",
        "owner": "ChuufMaster",
        "repo": "markdown-toc",
        "rev": "94a6dbcd43019424804624050299bbdc61f5e374",
        "type": "github"
      },
      "original": {
        "owner": "ChuufMaster",
        "repo": "markdown-toc",
        "type": "github"
      }
    },
    "markview": {
      "flake": false,
      "locked": {
        "lastModified": 1723400991,
        "narHash": "sha256-dx6xydpLm0mg3QkZFPBT2Uc/14gu2yJWt0SFv95ccUg=",
        "owner": "OXY2DEV",
        "repo": "markview.nvim",
        "rev": "03290ce2e0c9e426c53dc9a1efabd8a6ee1f4904",
        "type": "github"
      },
      "original": {
        "owner": "OXY2DEV",
        "repo": "markview.nvim",
        "type": "github"
      }
    },
    "neovim-src": {
      "flake": false,
      "locked": {
        "lastModified": 1721152134,
        "narHash": "sha256-mKvJmYNz0d+irdQFtUrkFtHY6LgE1SxoT14Zmbn1OXU=",
        "owner": "neovim",
        "repo": "neovim",
        "rev": "1f2f460b4a77a8ff58872e03c071b5d0d882dd44",
        "type": "github"
      },
      "original": {
        "owner": "neovim",
        "repo": "neovim",
        "type": "github"
      }
    },
    "nerdy-nvim": {
      "flake": false,
      "locked": {
        "lastModified": 1717173349,
        "narHash": "sha256-k5ZmhUHGHlFuGWiviEYeHGCbXLZHY61pUnvpZgSJhPs=",
        "owner": "2KAbhishek",
        "repo": "nerdy.nvim",
        "rev": "b467d6609b78d6a5f1e12cbc08fcc1ac87af20f5",
        "type": "github"
      },
      "original": {
        "owner": "2KAbhishek",
        "repo": "nerdy.nvim",
        "type": "github"
      }
    },
    "nightly": {
      "inputs": {
        "flake-compat": "flake-compat",
        "flake-parts": "flake-parts",
        "git-hooks": "git-hooks",
        "hercules-ci-effects": "hercules-ci-effects",
        "neovim-src": "neovim-src",
        "nixpkgs": "nixpkgs_2"
      },
      "locked": {
        "lastModified": 1721175028,
        "narHash": "sha256-3iNMy+GUVaFVHv2U+g6cMJwouAJinDkT/TLqZpiwsU8=",
        "owner": "nix-community",
        "repo": "neovim-nightly-overlay",
        "rev": "d0040404432ef2f6492d06284c556303262e5054",
        "type": "github"
      },
      "original": {
        "owner": "nix-community",
        "repo": "neovim-nightly-overlay",
        "type": "github"
      }
    },
    "nixpkgs": {
      "locked": {
        "lastModified": 1721116560,
        "narHash": "sha256-++TYlGMAJM1Q+0nMVaWBSEvEUjRs7ZGiNQOpqbQApCU=",
        "owner": "nixos",
        "repo": "nixpkgs",
        "rev": "9355fa86e6f27422963132c2c9aeedb0fb963d93",
        "type": "github"
      },
      "original": {
        "owner": "nixos",
        "ref": "nixpkgs-unstable",
        "repo": "nixpkgs",
        "type": "github"
      }
    },
    "nixpkgs_2": {
      "locked": {
        "lastModified": 1721116560,
        "narHash": "sha256-++TYlGMAJM1Q+0nMVaWBSEvEUjRs7ZGiNQOpqbQApCU=",
        "owner": "NixOS",
        "repo": "nixpkgs",
        "rev": "9355fa86e6f27422963132c2c9aeedb0fb963d93",
        "type": "github"
      },
      "original": {
        "owner": "NixOS",
        "ref": "nixpkgs-unstable",
        "repo": "nixpkgs",
        "type": "github"
      }
    },
    "root": {
      "inputs": {
        "easypick-nvim": "easypick-nvim",
        "flow-nvim": "flow-nvim",
        "fortune": "fortune",
        "img-clip": "img-clip",
        "markdown-toc": "markdown-toc",
        "markview": "markview",
        "nerdy-nvim": "nerdy-nvim",
        "nixpkgs": "nixpkgs",
        "telescope-emoji-nvim": "telescope-emoji-nvim",
        "telescope-git-conflicts-nvim": "telescope-git-conflicts-nvim",
        "tiny-code-action-nvim": "tiny-code-action-nvim",
        "tiny-devicons-auto-colors-nvim": "tiny-devicons-auto-colors-nvim",
        "tiny-inline-diagnostic-nvim": "tiny-inline-diagnostic-nvim",
        "tolerable": "tolerable",
        "triptych-nvim": "triptych-nvim"
      }
    },
    "telescope-emoji-nvim": {
      "flake": false,
      "locked": {
        "lastModified": 1670503796,
        "narHash": "sha256-8V3MTporANLtZkH0RuLviWlgMmR6fay0WmZ3ZOQzpKI=",
        "owner": "xiyaowong",
        "repo": "telescope-emoji.nvim",
        "rev": "86248d97be84a1ce83f0541500ef9edc99ea2aa1",
        "type": "github"
      },
      "original": {
        "owner": "xiyaowong",
        "repo": "telescope-emoji.nvim",
        "type": "github"
      }
    },
    "telescope-git-conflicts-nvim": {
      "flake": false,
      "locked": {
        "lastModified": 1705233568,
        "narHash": "sha256-W4rQdKEv4ydhVE1PK/R26eKQTKlqO7zVjY6EfQ/jslg=",
        "owner": "Snikimonkd",
        "repo": "telescope-git-conflicts.nvim",
        "rev": "1ac7040f601d16ab3800bdda6f5912a0e385cb29",
        "type": "github"
      },
      "original": {
        "owner": "Snikimonkd",
        "repo": "telescope-git-conflicts.nvim",
        "type": "github"
      }
    },
    "tiny-code-action-nvim": {
      "flake": false,
      "locked": {
        "lastModified": 1722604456,
        "narHash": "sha256-p1Q0j+cpOg/vDik2p/eO+6U2z58jJVFBUe40lHHjEac=",
        "owner": "rachartier",
        "repo": "tiny-code-action.nvim",
        "rev": "57d7f97924859a14b089146bd97b84058a500cfb",
        "type": "github"
      },
      "original": {
        "owner": "rachartier",
        "repo": "tiny-code-action.nvim",
        "type": "github"
      }
    },
    "tiny-devicons-auto-colors-nvim": {
      "flake": false,
      "locked": {
        "lastModified": 1718559020,
        "narHash": "sha256-JGI9y5Y0AocTO2M1Lt28UxVP0rZv20ZHJw0wKurJsh8=",
        "owner": "rachartier",
        "repo": "tiny-devicons-auto-colors.nvim",
        "rev": "9be4af5b1bc1f26a11206ed7ce8bf44312e7941a",
        "type": "github"
      },
      "original": {
        "owner": "rachartier",
        "repo": "tiny-devicons-auto-colors.nvim",
        "type": "github"
      }
    },
    "tiny-inline-diagnostic-nvim": {
      "flake": false,
      "locked": {
        "lastModified": 1723294442,
        "narHash": "sha256-Y2Suu8ISSKRvgVTEYo9Fl8+Z4d6ZjhtFGXjt0x2iw30=",
        "owner": "rachartier",
        "repo": "tiny-inline-diagnostic.nvim",
        "rev": "7b212b214aed37d8ae1a26ac6ca9593223a23ddb",
        "type": "github"
      },
      "original": {
        "owner": "rachartier",
        "repo": "tiny-inline-diagnostic.nvim",
        "type": "github"
      }
    },
    "tolerable": {
      "inputs": {
        "nightly": "nightly",
        "nixpkgs": [
          "nixpkgs"
        ]
      },
      "locked": {
        "lastModified": 1721181558,
        "narHash": "sha256-GUCNEzB+pjuk0oJYqZIhOGZnB3TPRb8uDc3VtHRmUkc=",
        "owner": "wires-org",
        "repo": "tolerable-nvim-nix",
        "rev": "9d5916859266c4e5cb76d542fac3374186dda8a0",
        "type": "github"
      },
      "original": {
        "owner": "wires-org",
        "repo": "tolerable-nvim-nix",
        "type": "github"
      }
    },
    "triptych-nvim": {
      "flake": false,
      "locked": {
        "lastModified": 1717345760,
        "narHash": "sha256-fL5+0kKMBBMnUPJoIRZJpbakGFDToToLUZpvX55Awik=",
        "owner": "simonmclean",
        "repo": "triptych.nvim",
        "rev": "d7ced78687c2ab203743edf0725761f6664f66cb",
        "type": "github"
      },
      "original": {
        "owner": "simonmclean",
        "repo": "triptych.nvim",
        "type": "github"
      }
    }
  },
  "root": "root",
  "version": 7
}
